
Microsoft Visual Studio Solution File, Format Version 12.00
Project("{FAE04EC0-301F-11D3-BF4B-00C04F79EFBC}") = "LctHack", "LctHack\LctHack.csproj", "{D11E922A-5DFC-4F99-A7A9-E85524086C1B}"
EndProject
Global
	GlobalSection(SolutionConfigurationPlatforms) = preSolution
		Debug|Any CPU = Debug|Any CPU
		Release|Any CPU = Release|Any CPU
	EndGlobalSection
	GlobalSection(ProjectConfigurationPlatforms) = postSolution
		{D11E922A-5DFC-4F99-A7A9-E85524086C1B}.Debug|Any CPU.ActiveCfg = Debug|Any CPU
		{D11E922A-5DFC-4F99-A7A9-E85524086C1B}.Debug|Any CPU.Build.0 = Debug|Any CPU
		{D11E922A-5DFC-4F99-A7A9-E85524086C1B}.Release|Any CPU.ActiveCfg = Release|Any CPU
		{D11E922A-5DFC-4F99-A7A9-E85524086C1B}.Release|Any CPU.Build.0 = Release|Any CPU
	EndGlobalSection
EndGlobal
